// !$*UTF8*$!
{
	archiveVersion = 1;
	classes = {
	};
	objectVersion = 50;
	objects = {

/* Begin PBXBuildFile section */
		A5158B23259B177A00AB5F64 /* MinPatches.m in Sources */ = {isa = PBXBuildFile; fileRef = A5158B22259B177A00AB5F64 /* MinPatches.m */; };
		A57FD53F2595E956003B74AF /* main.m in Sources */ = {isa = PBXBuildFile; fileRef = A57FD53E2595E956003B74AF /* main.m */; };
		A57FD54D2595ED6A003B74AF /* FindContentChildren.m in Sources */ = {isa = PBXBuildFile; fileRef = A57FD54C2595ED6A003B74AF /* FindContentChildren.m */; };
		A5EC272F2599D3790000DA5C /* LongestPalindrome.m in Sources */ = {isa = PBXBuildFile; fileRef = A5EC272E2599D3790000DA5C /* LongestPalindrome.m */; };
/* End PBXBuildFile section */

/* Begin PBXCopyFilesBuildPhase section */
		A57FD5392595E956003B74AF /* CopyFiles */ = {
			isa = PBXCopyFilesBuildPhase;
			buildActionMask = 2147483647;
			dstPath = /usr/share/man/man1/;
			dstSubfolderSpec = 0;
			files = (
			);
			runOnlyForDeploymentPostprocessing = 1;
		};
/* End PBXCopyFilesBuildPhase section */

/* Begin PBXFileReference section */
		A5158B21259B177A00AB5F64 /* MinPatches.h */ = {isa = PBXFileReference; lastKnownFileType = sourcecode.c.h; path = MinPatches.h; sourceTree = "<group>"; };
		A5158B22259B177A00AB5F64 /* MinPatches.m */ = {isa = PBXFileReference; lastKnownFileType = sourcecode.c.objc; path = MinPatches.m; sourceTree = "<group>"; };
		A57FD53B2595E956003B74AF /* ObjectiveC-Algorithms */ = {isa = PBXFileReference; explicitFileType = "compiled.mach-o.executable"; includeInIndex = 0; path = "ObjectiveC-Algorithms"; sourceTree = BUILT_PRODUCTS_DIR; };
		A57FD53E2595E956003B74AF /* main.m */ = {isa = PBXFileReference; lastKnownFileType = sourcecode.c.objc; path = main.m; sourceTree = "<group>"; };
		A57FD54B2595ED6A003B74AF /* FindContentChildren.h */ = {isa = PBXFileReference; lastKnownFileType = sourcecode.c.h; path = FindContentChildren.h; sourceTree = "<group>"; };
		A57FD54C2595ED6A003B74AF /* FindContentChildren.m */ = {isa = PBXFileReference; lastKnownFileType = sourcecode.c.objc; path = FindContentChildren.m; sourceTree = "<group>"; };
		A5EC272D2599D3790000DA5C /* LongestPalindrome.h */ = {isa = PBXFileReference; lastKnownFileType = sourcecode.c.h; path = LongestPalindrome.h; sourceTree = "<group>"; };
		A5EC272E2599D3790000DA5C /* LongestPalindrome.m */ = {isa = PBXFileReference; lastKnownFileType = sourcecode.c.objc; path = LongestPalindrome.m; sourceTree = "<group>"; };
/* End PBXFileReference section */

/* Begin PBXFrameworksBuildPhase section */
		A57FD5382595E956003B74AF /* Frameworks */ = {
			isa = PBXFrameworksBuildPhase;
			buildActionMask = 2147483647;
			files = (
			);
			runOnlyForDeploymentPostprocessing = 0;
		};
/* End PBXFrameworksBuildPhase section */

/* Begin PBXGroup section */
		A5158B20259B172F00AB5F64 /* 330.minPatch */ = {
			isa = PBXGroup;
			children = (
				A5158B21259B177A00AB5F64 /* MinPatches.h */,
				A5158B22259B177A00AB5F64 /* MinPatches.m */,
			);
			path = 330.minPatch;
			sourceTree = "<group>";
		};
		A57FD5322595E956003B74AF = {
			isa = PBXGroup;
			children = (
				A57FD53D2595E956003B74AF /* ObjectiveC-Algorithms */,
				A57FD53C2595E956003B74AF /* Products */,
			);
			sourceTree = "<group>";
		};
		A57FD53C2595E956003B74AF /* Products */ = {
			isa = PBXGroup;
			children = (
				A57FD53B2595E956003B74AF /* ObjectiveC-Algorithms */,
			);
			name = Products;
			sourceTree = "<group>";
		};
		A57FD53D2595E956003B74AF /* ObjectiveC-Algorithms */ = {
			isa = PBXGroup;
			children = (
				A57FD5462595E961003B74AF /* algorithms */,
				A57FD53E2595E956003B74AF /* main.m */,
			);
			path = "ObjectiveC-Algorithms";
			sourceTree = "<group>";
		};
		A57FD5462595E961003B74AF /* algorithms */ = {
			isa = PBXGroup;
			children = (
				A5EC272C2599D3450000DA5C /* 5.longestPalindrome */,
				A5158B20259B172F00AB5F64 /* 330.minPatch */,
				A5EC272B2599D32B0000DA5C /* 455.findContentChildren */,
			);
			path = algorithms;
			sourceTree = "<group>";
		};
		A5EC272B2599D32B0000DA5C /* 455.findContentChildren */ = {
			isa = PBXGroup;
			children = (
				A57FD54B2595ED6A003B74AF /* FindContentChildren.h */,
				A57FD54C2595ED6A003B74AF /* FindContentChildren.m */,
			);
			path = 455.findContentChildren;
			sourceTree = "<group>";
		};
		A5EC272C2599D3450000DA5C /* 5.longestPalindrome */ = {
			isa = PBXGroup;
			children = (
				A5EC272D2599D3790000DA5C /* LongestPalindrome.h */,
				A5EC272E2599D3790000DA5C /* LongestPalindrome.m */,
			);
			path = 5.longestPalindrome;
			sourceTree = "<group>";
		};
/* End PBXGroup section */

/* Begin PBXNativeTarget section */
		A57FD53A2595E956003B74AF /* ObjectiveC-Algorithms */ = {
			isa = PBXNativeTarget;
			buildConfigurationList = A57FD5422595E956003B74AF /* Build configuration list for PBXNativeTarget "ObjectiveC-Algorithms" */;
			buildPhases = (
				A57FD5372595E956003B74AF /* Sources */,
				A57FD5382595E956003B74AF /* Frameworks */,
				A57FD5392595E956003B74AF /* CopyFiles */,
			);
			buildRules = (
			);
			dependencies = (
			);
			name = "ObjectiveC-Algorithms";
			productName = "ObjectiveC-Algorithms";
			productReference = A57FD53B2595E956003B74AF /* ObjectiveC-Algorithms */;
			productType = "com.apple.product-type.tool";
		};
/* End PBXNativeTarget section */

/* Begin PBXProject section */
		A57FD5332595E956003B74AF /* Project object */ = {
			isa = PBXProject;
			attributes = {
				LastUpgradeCheck = 1230;
				TargetAttributes = {
					A57FD53A2595E956003B74AF = {
						CreatedOnToolsVersion = 12.3;
					};
				};
			};
			buildConfigurationList = A57FD5362595E956003B74AF /* Build configuration list for PBXProject "ObjectiveC-Algorithms" */;
			compatibilityVersion = "Xcode 9.3";
			developmentRegion = en;
			hasScannedForEncodings = 0;
			knownRegions = (
				en,
				Base,
			);
			mainGroup = A57FD5322595E956003B74AF;
			productRefGroup = A57FD53C2595E956003B74AF /* Products */;
			projectDirPath = "";
			projectRoot = "";
			targets = (
				A57FD53A2595E956003B74AF /* ObjectiveC-Algorithms */,
			);
		};
/* End PBXProject section */

/* Begin PBXSourcesBuildPhase section */
		A57FD5372595E956003B74AF /* Sources */ = {
			isa = PBXSourcesBuildPhase;
			buildActionMask = 2147483647;
			files = (
				A57FD53F2595E956003B74AF /* main.m in Sources */,
				A5EC272F2599D3790000DA5C /* LongestPalindrome.m in Sources */,
				A57FD54D2595ED6A003B74AF /* FindContentChildren.m in Sources */,
				A5158B23259B177A00AB5F64 /* MinPatches.m in Sources */,
			);
			runOnlyForDeploymentPostprocessing = 0;
		};
/* End PBXSourcesBuildPhase section */

/* Begin XCBuildConfiguration section */
		A57FD5402595E956003B74AF /* Debug */ = {
			isa = XCBuildConfiguration;
			buildSettings = {
				ALWAYS_SEARCH_USER_PATHS = NO;
				CLANG_ANALYZER_NONNULL = YES;
				CLANG_ANALYZER_NUMBER_OBJECT_CONVERSION = YES_AGGRESSIVE;
				CLANG_CXX_LANGUAGE_STANDARD = "gnu++14";
				CLANG_CXX_LIBRARY = "libc++";
				CLANG_ENABLE_MODULES = YES;
				CLANG_ENABLE_OBJC_ARC = YES;
				CLANG_ENABLE_OBJC_WEAK = YES;
				CLANG_WARN_BLOCK_CAPTURE_AUTORELEASING = YES;
				CLANG_WARN_BOOL_CONVERSION = YES;
				CLANG_WARN_COMMA = YES;
				CLANG_WARN_CONSTANT_CONVERSION = YES;
				CLANG_WARN_DEPRECATED_OBJC_IMPLEMENTATIONS = YES;
				CLANG_WARN_DIRECT_OBJC_ISA_USAGE = YES_ERROR;
				CLANG_WARN_DOCUMENTATION_COMMENTS = YES;
				CLANG_WARN_EMPTY_BODY = YES;
				CLANG_WARN_ENUM_CONVERSION = YES;
				CLANG_WARN_INFINITE_RECURSION = YES;
				CLANG_WARN_INT_CONVERSION = YES;
				CLANG_WARN_NON_LITERAL_NULL_CONVERSION = YES;
				CLANG_WARN_OBJC_IMPLICIT_RETAIN_SELF = YES;
				CLANG_WARN_OBJC_LITERAL_CONVERSION = YES;
				CLANG_WARN_OBJC_ROOT_CLASS = YES_ERROR;
				CLANG_WARN_QUOTED_INCLUDE_IN_FRAMEWORK_HEADER = YES;
				CLANG_WARN_RANGE_LOOP_ANALYSIS = YES;
				CLANG_WARN_STRICT_PROTOTYPES = YES;
				CLANG_WARN_SUSPICIOUS_MOVE = YES;
				CLANG_WARN_UNGUARDED_AVAILABILITY = YES_AGGRESSIVE;
				CLANG_WARN_UNREACHABLE_CODE = YES;
				CLANG_WARN__DUPLICATE_METHOD_MATCH = YES;
				COPY_PHASE_STRIP = NO;
				DEBUG_INFORMATION_FORMAT = dwarf;
				ENABLE_STRICT_OBJC_MSGSEND = YES;
				ENABLE_TESTABILITY = YES;
				GCC_C_LANGUAGE_STANDARD = gnu11;
				GCC_DYNAMIC_NO_PIC = NO;
				GCC_NO_COMMON_BLOCKS = YES;
				GCC_OPTIMIZATION_LEVEL = 0;
				GCC_PREPROCESSOR_DEFINITIONS = (
					"DEBUG=1",
					"$(inherited)",
				);
				GCC_WARN_64_TO_32_BIT_CONVERSION = YES;
				GCC_WARN_ABOUT_RETURN_TYPE = YES_ERROR;
				GCC_WARN_UNDECLARED_SELECTOR = YES;
				GCC_WARN_UNINITIALIZED_AUTOS = YES_AGGRESSIVE;
				GCC_WARN_UNUSED_FUNCTION = YES;
				GCC_WARN_UNUSED_VARIABLE = YES;
				MACOSX_DEPLOYMENT_TARGET = 11.1;
				MTL_ENABLE_DEBUG_INFO = INCLUDE_SOURCE;
				MTL_FAST_MATH = YES;
				ONLY_ACTIVE_ARCH = YES;
				SDKROOT = macosx;
			};
			name = Debug;
		};
		A57FD5412595E956003B74AF /* Release */ = {
			isa = XCBuildConfiguration;
			buildSettings = {
				ALWAYS_SEARCH_USER_PATHS = NO;
				CLANG_ANALYZER_NONNULL = YES;
				CLANG_ANALYZER_NUMBER_OBJECT_CONVERSION = YES_AGGRESSIVE;
				CLANG_CXX_LANGUAGE_STANDARD = "gnu++14";
				CLANG_CXX_LIBRARY = "libc++";
				CLANG_ENABLE_MODULES = YES;
				CLANG_ENABLE_OBJC_ARC = YES;
				CLANG_ENABLE_OBJC_WEAK = YES;
				CLANG_WARN_BLOCK_CAPTURE_AUTORELEASING = YES;
				CLANG_WARN_BOOL_CONVERSION = YES;
				CLANG_WARN_COMMA = YES;
				CLANG_WARN_CONSTANT_CONVERSION = YES;
				CLANG_WARN_DEPRECATED_OBJC_IMPLEMENTATIONS = YES;
				CLANG_WARN_DIRECT_OBJC_ISA_USAGE = YES_ERROR;
				CLANG_WARN_DOCUMENTATION_COMMENTS = YES;
				CLANG_WARN_EMPTY_BODY = YES;
				CLANG_WARN_ENUM_CONVERSION = YES;
				CLANG_WARN_INFINITE_RECURSION = YES;
				CLANG_WARN_INT_CONVERSION = YES;
				CLANG_WARN_NON_LITERAL_NULL_CONVERSION = YES;
				CLANG_WARN_OBJC_IMPLICIT_RETAIN_SELF = YES;
				CLANG_WARN_OBJC_LITERAL_CONVERSION = YES;
				CLANG_WARN_OBJC_ROOT_CLASS = YES_ERROR;
				CLANG_WARN_QUOTED_INCLUDE_IN_FRAMEWORK_HEADER = YES;
				CLANG_WARN_RANGE_LOOP_ANALYSIS = YES;
				CLANG_WARN_STRICT_PROTOTYPES = YES;
				CLANG_WARN_SUSPICIOUS_MOVE = YES;
				CLANG_WARN_UNGUARDED_AVAILABILITY = YES_AGGRESSIVE;
				CLANG_WARN_UNREACHABLE_CODE = YES;
				CLANG_WARN__DUPLICATE_METHOD_MATCH = YES;
				COPY_PHASE_STRIP = NO;
				DEBUG_INFORMATION_FORMAT = "dwarf-with-dsym";
				ENABLE_NS_ASSERTIONS = NO;
				ENABLE_STRICT_OBJC_MSGSEND = YES;
				GCC_C_LANGUAGE_STANDARD = gnu11;
				GCC_NO_COMMON_BLOCKS = YES;
				GCC_WARN_64_TO_32_BIT_CONVERSION = YES;
				GCC_WARN_ABOUT_RETURN_TYPE = YES_ERROR;
				GCC_WARN_UNDECLARED_SELECTOR = YES;
				GCC_WARN_UNINITIALIZED_AUTOS = YES_AGGRESSIVE;
				GCC_WARN_UNUSED_FUNCTION = YES;
				GCC_WARN_UNUSED_VARIABLE = YES;
				MACOSX_DEPLOYMENT_TARGET = 11.1;
				MTL_ENABLE_DEBUG_INFO = NO;
				MTL_FAST_MATH = YES;
				SDKROOT = macosx;
			};
			name = Release;
		};
		A57FD5432595E956003B74AF /* Debug */ = {
			isa = XCBuildConfiguration;
			buildSettings = {
				CODE_SIGN_STYLE = Automatic;
				DEVELOPMENT_TEAM = PQ9K2967P9;
				ENABLE_HARDENED_RUNTIME = YES;
				PRODUCT_NAME = "$(TARGET_NAME)";
			};
			name = Debug;
		};
		A57FD5442595E956003B74AF /* Release */ = {
			isa = XCBuildConfiguration;
			buildSettings = {
				CODE_SIGN_STYLE = Automatic;
				DEVELOPMENT_TEAM = PQ9K2967P9;
				ENABLE_HARDENED_RUNTIME = YES;
				PRODUCT_NAME = "$(TARGET_NAME)";
			};
			name = Release;
		};
/* End XCBuildConfiguration section */

/* Begin XCConfigurationList section */
		A57FD5362595E956003B74AF /* Build configuration list for PBXProject "ObjectiveC-Algorithms" */ = {
			isa = XCConfigurationList;
			buildConfigurations = (
				A57FD5402595E956003B74AF /* Debug */,
				A57FD5412595E956003B74AF /* Release */,
			);
			defaultConfigurationIsVisible = 0;
			defaultConfigurationName = Release;
		};
		A57FD5422595E956003B74AF /* Build configuration list for PBXNativeTarget "ObjectiveC-Algorithms" */ = {
			isa = XCConfigurationList;
			buildConfigurations = (
				A57FD5432595E956003B74AF /* Debug */,
				A57FD5442595E956003B74AF /* Release */,
			);
			defaultConfigurationIsVisible = 0;
			defaultConfigurationName = Release;
		};
/* End XCConfigurationList section */
	};
	rootObject = A57FD5332595E956003B74AF /* Project object */;
}
